// !$*UTF8*$!
{
	archiveVersion = 1;
	classes = {
	};
	objectVersion = 50;
	objects = {

/* Begin PBXBuildFile section */
		13145974262E88C700B61043 /* AppDelegate.swift in Sources */ = {isa = PBXBuildFile; fileRef = 13145973262E88C700B61043 /* AppDelegate.swift */; };
		13145976262E88C700B61043 /* SceneDelegate.swift in Sources */ = {isa = PBXBuildFile; fileRef = 13145975262E88C700B61043 /* SceneDelegate.swift */; };
		13145978262E88C700B61043 /* ViewController.swift in Sources */ = {isa = PBXBuildFile; fileRef = 13145977262E88C700B61043 /* ViewController.swift */; };
		1314597B262E88C700B61043 /* Main.storyboard in Resources */ = {isa = PBXBuildFile; fileRef = 13145979262E88C700B61043 /* Main.storyboard */; };
		1314597D262E88C900B61043 /* Assets.xcassets in Resources */ = {isa = PBXBuildFile; fileRef = 1314597C262E88C900B61043 /* Assets.xcassets */; };
		13145980262E88C900B61043 /* LaunchScreen.storyboard in Resources */ = {isa = PBXBuildFile; fileRef = 1314597E262E88C900B61043 /* LaunchScreen.storyboard */; };
		1314598B262E88CA00B61043 /* testForTeshbaseTests.swift in Sources */ = {isa = PBXBuildFile; fileRef = 1314598A262E88CA00B61043 /* testForTeshbaseTests.swift */; };
		13145996262E88CA00B61043 /* testForTeshbaseUITests.swift in Sources */ = {isa = PBXBuildFile; fileRef = 13145995262E88CA00B61043 /* testForTeshbaseUITests.swift */; };
		8A8A9670477DB35D485DB28E /* Pods_testForTeshbase_testForTeshbaseUITests.framework in Frameworks */ = {isa = PBXBuildFile; fileRef = 1839F3A8BBAA026E3392DCDB /* Pods_testForTeshbase_testForTeshbaseUITests.framework */; };
		A03EC9D22E495A081B6D93DD /* Pods_testForTeshbase.framework in Frameworks */ = {isa = PBXBuildFile; fileRef = 0A4668DB8B71523B5EB5D641 /* Pods_testForTeshbase.framework */; };
		F90E0E2CB53529AB331AE325 /* Pods_testForTeshbaseTests.framework in Frameworks */ = {isa = PBXBuildFile; fileRef = D4DB5BE892821DADA7803456 /* Pods_testForTeshbaseTests.framework */; };
/* End PBXBuildFile section */

/* Begin PBXContainerItemProxy section */
		13145987262E88CA00B61043 /* PBXContainerItemProxy */ = {
			isa = PBXContainerItemProxy;
			containerPortal = 13145968262E88C700B61043 /* Project object */;
			proxyType = 1;
			remoteGlobalIDString = 1314596F262E88C700B61043;
			remoteInfo = testForTeshbase;
		};
		13145992262E88CA00B61043 /* PBXContainerItemProxy */ = {
			isa = PBXContainerItemProxy;
			containerPortal = 13145968262E88C700B61043 /* Project object */;
			proxyType = 1;
			remoteGlobalIDString = 1314596F262E88C700B61043;
			remoteInfo = testForTeshbase;
		};
/* End PBXContainerItemProxy section */

/* Begin PBXFileReference section */
		0A4668DB8B71523B5EB5D641 /* Pods_testForTeshbase.framework */ = {isa = PBXFileReference; explicitFileType = wrapper.framework; includeInIndex = 0; path = Pods_testForTeshbase.framework; sourceTree = BUILT_PRODUCTS_DIR; };
		13145970262E88C700B61043 /* testForTeshbase.app */ = {isa = PBXFileReference; explicitFileType = wrapper.application; includeInIndex = 0; path = testForTeshbase.app; sourceTree = BUILT_PRODUCTS_DIR; };
		13145973262E88C700B61043 /* AppDelegate.swift */ = {isa = PBXFileReference; lastKnownFileType = sourcecode.swift; path = AppDelegate.swift; sourceTree = "<group>"; };
		13145975262E88C700B61043 /* SceneDelegate.swift */ = {isa = PBXFileReference; lastKnownFileType = sourcecode.swift; path = SceneDelegate.swift; sourceTree = "<group>"; };
		13145977262E88C700B61043 /* ViewController.swift */ = {isa = PBXFileReference; lastKnownFileType = sourcecode.swift; path = ViewController.swift; sourceTree = "<group>"; };
		1314597A262E88C700B61043 /* Base */ = {isa = PBXFileReference; lastKnownFileType = file.storyboard; name = Base; path = Base.lproj/Main.storyboard; sourceTree = "<group>"; };
		1314597C262E88C900B61043 /* Assets.xcassets */ = {isa = PBXFileReference; lastKnownFileType = folder.assetcatalog; path = Assets.xcassets; sourceTree = "<group>"; };
		1314597F262E88C900B61043 /* Base */ = {isa = PBXFileReference; lastKnownFileType = file.storyboard; name = Base; path = Base.lproj/LaunchScreen.storyboard; sourceTree = "<group>"; };
		13145981262E88C900B61043 /* Info.plist */ = {isa = PBXFileReference; lastKnownFileType = text.plist.xml; path = Info.plist; sourceTree = "<group>"; };
		13145986262E88CA00B61043 /* testForTeshbaseTests.xctest */ = {isa = PBXFileReference; explicitFileType = wrapper.cfbundle; includeInIndex = 0; path = testForTeshbaseTests.xctest; sourceTree = BUILT_PRODUCTS_DIR; };
		1314598A262E88CA00B61043 /* testForTeshbaseTests.swift */ = {isa = PBXFileReference; lastKnownFileType = sourcecode.swift; path = testForTeshbaseTests.swift; sourceTree = "<group>"; };
		1314598C262E88CA00B61043 /* Info.plist */ = {isa = PBXFileReference; lastKnownFileType = text.plist.xml; path = Info.plist; sourceTree = "<group>"; };
		13145991262E88CA00B61043 /* testForTeshbaseUITests.xctest */ = {isa = PBXFileReference; explicitFileType = wrapper.cfbundle; includeInIndex = 0; path = testForTeshbaseUITests.xctest; sourceTree = BUILT_PRODUCTS_DIR; };
		13145995262E88CA00B61043 /* testForTeshbaseUITests.swift */ = {isa = PBXFileReference; lastKnownFileType = sourcecode.swift; path = testForTeshbaseUITests.swift; sourceTree = "<group>"; };
		13145997262E88CA00B61043 /* Info.plist */ = {isa = PBXFileReference; lastKnownFileType = text.plist.xml; path = Info.plist; sourceTree = "<group>"; };
		1839F3A8BBAA026E3392DCDB /* Pods_testForTeshbase_testForTeshbaseUITests.framework */ = {isa = PBXFileReference; explicitFileType = wrapper.framework; includeInIndex = 0; path = Pods_testForTeshbase_testForTeshbaseUITests.framework; sourceTree = BUILT_PRODUCTS_DIR; };
		3767A0AE94F3A0F6A1E4B7F6 /* Pods-testForTeshbase.release.xcconfig */ = {isa = PBXFileReference; includeInIndex = 1; lastKnownFileType = text.xcconfig; name = "Pods-testForTeshbase.release.xcconfig"; path = "Target Support Files/Pods-testForTeshbase/Pods-testForTeshbase.release.xcconfig"; sourceTree = "<group>"; };
		4CF3E02100BE0C9A39F28F3D /* Pods-testForTeshbase-testForTeshbaseUITests.release.xcconfig */ = {isa = PBXFileReference; includeInIndex = 1; lastKnownFileType = text.xcconfig; name = "Pods-testForTeshbase-testForTeshbaseUITests.release.xcconfig"; path = "Target Support Files/Pods-testForTeshbase-testForTeshbaseUITests/Pods-testForTeshbase-testForTeshbaseUITests.release.xcconfig"; sourceTree = "<group>"; };
		AFDC54643868E9D06A340E77 /* Pods-testForTeshbase-testForTeshbaseUITests.debug.xcconfig */ = {isa = PBXFileReference; includeInIndex = 1; lastKnownFileType = text.xcconfig; name = "Pods-testForTeshbase-testForTeshbaseUITests.debug.xcconfig"; path = "Target Support Files/Pods-testForTeshbase-testForTeshbaseUITests/Pods-testForTeshbase-testForTeshbaseUITests.debug.xcconfig"; sourceTree = "<group>"; };
		B37E337A17D8F65752968A65 /* Pods-testForTeshbaseTests.debug.xcconfig */ = {isa = PBXFileReference; includeInIndex = 1; lastKnownFileType = text.xcconfig; name = "Pods-testForTeshbaseTests.debug.xcconfig"; path = "Target Support Files/Pods-testForTeshbaseTests/Pods-testForTeshbaseTests.debug.xcconfig"; sourceTree = "<group>"; };
		D44E74F72ED4B37CA69E5D08 /* Pods-testForTeshbase.debug.xcconfig */ = {isa = PBXFileReference; includeInIndex = 1; lastKnownFileType = text.xcconfig; name = "Pods-testForTeshbase.debug.xcconfig"; path = "Target Support Files/Pods-testForTeshbase/Pods-testForTeshbase.debug.xcconfig"; sourceTree = "<group>"; };
		D4DB5BE892821DADA7803456 /* Pods_testForTeshbaseTests.framework */ = {isa = PBXFileReference; explicitFileType = wrapper.framework; includeInIndex = 0; path = Pods_testForTeshbaseTests.framework; sourceTree = BUILT_PRODUCTS_DIR; };
		D5B92E41BA27FD515D53E5AB /* Pods-testForTeshbaseTests.release.xcconfig */ = {isa = PBXFileReference; includeInIndex = 1; lastKnownFileType = text.xcconfig; name = "Pods-testForTeshbaseTests.release.xcconfig"; path = "Target Support Files/Pods-testForTeshbaseTests/Pods-testForTeshbaseTests.release.xcconfig"; sourceTree = "<group>"; };
/* End PBXFileReference section */

/* Begin PBXFrameworksBuildPhase section */
		1314596D262E88C700B61043 /* Frameworks */ = {
			isa = PBXFrameworksBuildPhase;
			buildActionMask = 2147483647;
			files = (
				A03EC9D22E495A081B6D93DD /* Pods_testForTeshbase.framework in Frameworks */,
			);
			runOnlyForDeploymentPostprocessing = 0;
		};
		13145983262E88CA00B61043 /* Frameworks */ = {
			isa = PBXFrameworksBuildPhase;
			buildActionMask = 2147483647;
			files = (
				F90E0E2CB53529AB331AE325 /* Pods_testForTeshbaseTests.framework in Frameworks */,
			);
			runOnlyForDeploymentPostprocessing = 0;
		};
		1314598E262E88CA00B61043 /* Frameworks */ = {
			isa = PBXFrameworksBuildPhase;
			buildActionMask = 2147483647;
			files = (
				8A8A9670477DB35D485DB28E /* Pods_testForTeshbase_testForTeshbaseUITests.framework in Frameworks */,
			);
			runOnlyForDeploymentPostprocessing = 0;
		};
/* End PBXFrameworksBuildPhase section */

/* Begin PBXGroup section */
		03D0D8BA5AF974E7CF07A570 /* Pods */ = {
			isa = PBXGroup;
			children = (
				D44E74F72ED4B37CA69E5D08 /* Pods-testForTeshbase.debug.xcconfig */,
				3767A0AE94F3A0F6A1E4B7F6 /* Pods-testForTeshbase.release.xcconfig */,
				AFDC54643868E9D06A340E77 /* Pods-testForTeshbase-testForTeshbaseUITests.debug.xcconfig */,
				4CF3E02100BE0C9A39F28F3D /* Pods-testForTeshbase-testForTeshbaseUITests.release.xcconfig */,
				B37E337A17D8F65752968A65 /* Pods-testForTeshbaseTests.debug.xcconfig */,
				D5B92E41BA27FD515D53E5AB /* Pods-testForTeshbaseTests.release.xcconfig */,
			);
			name = Pods;
			path = Pods;
			sourceTree = "<group>";
		};
		13145967262E88C700B61043 = {
			isa = PBXGroup;
			children = (
				13145972262E88C700B61043 /* testForTeshbase */,
				13145989262E88CA00B61043 /* testForTeshbaseTests */,
				13145994262E88CA00B61043 /* testForTeshbaseUITests */,
				13145971262E88C700B61043 /* Products */,
				03D0D8BA5AF974E7CF07A570 /* Pods */,
				F4AE5A8D591C23726939FAB3 /* Frameworks */,
			);
			sourceTree = "<group>";
		};
		13145971262E88C700B61043 /* Products */ = {
			isa = PBXGroup;
			children = (
				13145970262E88C700B61043 /* testForTeshbase.app */,
				13145986262E88CA00B61043 /* testForTeshbaseTests.xctest */,
				13145991262E88CA00B61043 /* testForTeshbaseUITests.xctest */,
			);
			name = Products;
			sourceTree = "<group>";
		};
		13145972262E88C700B61043 /* testForTeshbase */ = {
			isa = PBXGroup;
			children = (
				13145973262E88C700B61043 /* AppDelegate.swift */,
				13145975262E88C700B61043 /* SceneDelegate.swift */,
				13145977262E88C700B61043 /* ViewController.swift */,
				13145979262E88C700B61043 /* Main.storyboard */,
				1314597C262E88C900B61043 /* Assets.xcassets */,
				1314597E262E88C900B61043 /* LaunchScreen.storyboard */,
				13145981262E88C900B61043 /* Info.plist */,
			);
			path = testForTeshbase;
			sourceTree = "<group>";
		};
		13145989262E88CA00B61043 /* testForTeshbaseTests */ = {
			isa = PBXGroup;
			children = (
				1314598A262E88CA00B61043 /* testForTeshbaseTests.swift */,
				1314598C262E88CA00B61043 /* Info.plist */,
			);
			path = testForTeshbaseTests;
			sourceTree = "<group>";
		};
		13145994262E88CA00B61043 /* testForTeshbaseUITests */ = {
			isa = PBXGroup;
			children = (
				13145995262E88CA00B61043 /* testForTeshbaseUITests.swift */,
				13145997262E88CA00B61043 /* Info.plist */,
			);
			path = testForTeshbaseUITests;
			sourceTree = "<group>";
		};
		F4AE5A8D591C23726939FAB3 /* Frameworks */ = {
			isa = PBXGroup;
			children = (
				0A4668DB8B71523B5EB5D641 /* Pods_testForTeshbase.framework */,
				1839F3A8BBAA026E3392DCDB /* Pods_testForTeshbase_testForTeshbaseUITests.framework */,
				D4DB5BE892821DADA7803456 /* Pods_testForTeshbaseTests.framework */,
			);
			name = Frameworks;
			sourceTree = "<group>";
		};
/* End PBXGroup section */

/* Begin PBXNativeTarget section */
		1314596F262E88C700B61043 /* testForTeshbase */ = {
			isa = PBXNativeTarget;
			buildConfigurationList = 1314599A262E88CA00B61043 /* Build configuration list for PBXNativeTarget "testForTeshbase" */;
			buildPhases = (
				05CE62B200CDA0254AEA1320 /* [CP] Check Pods Manifest.lock */,
				1314596C262E88C700B61043 /* Sources */,
				1314596D262E88C700B61043 /* Frameworks */,
				1314596E262E88C700B61043 /* Resources */,
				3D330EF5DF4E0ACAF5582B34 /* [CP] Embed Pods Frameworks */,
			);
			buildRules = (
			);
			dependencies = (
			);
			name = testForTeshbase;
			productName = testForTeshbase;
			productReference = 13145970262E88C700B61043 /* testForTeshbase.app */;
			productType = "com.apple.product-type.application";
		};
		13145985262E88CA00B61043 /* testForTeshbaseTests */ = {
			isa = PBXNativeTarget;
			buildConfigurationList = 1314599D262E88CA00B61043 /* Build configuration list for PBXNativeTarget "testForTeshbaseTests" */;
			buildPhases = (
				5167F6000548ECEEFD815C54 /* [CP] Check Pods Manifest.lock */,
				13145982262E88CA00B61043 /* Sources */,
				13145983262E88CA00B61043 /* Frameworks */,
				13145984262E88CA00B61043 /* Resources */,
			);
			buildRules = (
			);
			dependencies = (
				13145988262E88CA00B61043 /* PBXTargetDependency */,
			);
			name = testForTeshbaseTests;
			productName = testForTeshbaseTests;
			productReference = 13145986262E88CA00B61043 /* testForTeshbaseTests.xctest */;
			productType = "com.apple.product-type.bundle.unit-test";
		};
		13145990262E88CA00B61043 /* testForTeshbaseUITests */ = {
			isa = PBXNativeTarget;
			buildConfigurationList = 131459A0262E88CA00B61043 /* Build configuration list for PBXNativeTarget "testForTeshbaseUITests" */;
			buildPhases = (
				277D48A4F558E48BCC5A010F /* [CP] Check Pods Manifest.lock */,
				1314598D262E88CA00B61043 /* Sources */,
				1314598E262E88CA00B61043 /* Frameworks */,
				1314598F262E88CA00B61043 /* Resources */,
				2229336CEFB9ABF2EC3ECC75 /* [CP] Embed Pods Frameworks */,
			);
			buildRules = (
			);
			dependencies = (
				13145993262E88CA00B61043 /* PBXTargetDependency */,
			);
			name = testForTeshbaseUITests;
			productName = testForTeshbaseUITests;
			productReference = 13145991262E88CA00B61043 /* testForTeshbaseUITests.xctest */;
			productType = "com.apple.product-type.bundle.ui-testing";
		};
/* End PBXNativeTarget section */

/* Begin PBXProject section */
		13145968262E88C700B61043 /* Project object */ = {
			isa = PBXProject;
			attributes = {
				LastSwiftUpdateCheck = 1240;
				LastUpgradeCheck = 1240;
				TargetAttributes = {
					1314596F262E88C700B61043 = {
						CreatedOnToolsVersion = 12.4;
					};
					13145985262E88CA00B61043 = {
						CreatedOnToolsVersion = 12.4;
						TestTargetID = 1314596F262E88C700B61043;
					};
					13145990262E88CA00B61043 = {
						CreatedOnToolsVersion = 12.4;
						TestTargetID = 1314596F262E88C700B61043;
					};
				};
			};
			buildConfigurationList = 1314596B262E88C700B61043 /* Build configuration list for PBXProject "testForTeshbase" */;
			compatibilityVersion = "Xcode 9.3";
			developmentRegion = en;
			hasScannedForEncodings = 0;
			knownRegions = (
				en,
				Base,
			);
			mainGroup = 13145967262E88C700B61043;
			productRefGroup = 13145971262E88C700B61043 /* Products */;
			projectDirPath = "";
			projectRoot = "";
			targets = (
				1314596F262E88C700B61043 /* testForTeshbase */,
				13145985262E88CA00B61043 /* testForTeshbaseTests */,
				13145990262E88CA00B61043 /* testForTeshbaseUITests */,
			);
		};
/* End PBXProject section */

/* Begin PBXResourcesBuildPhase section */
		1314596E262E88C700B61043 /* Resources */ = {
			isa = PBXResourcesBuildPhase;
			buildActionMask = 2147483647;
			files = (
				13145980262E88C900B61043 /* LaunchScreen.storyboard in Resources */,
				1314597D262E88C900B61043 /* Assets.xcassets in Resources */,
				1314597B262E88C700B61043 /* Main.storyboard in Resources */,
			);
			runOnlyForDeploymentPostprocessing = 0;
		};
		13145984262E88CA00B61043 /* Resources */ = {
			isa = PBXResourcesBuildPhase;
			buildActionMask = 2147483647;
			files = (
			);
			runOnlyForDeploymentPostprocessing = 0;
		};
		1314598F262E88CA00B61043 /* Resources */ = {
			isa = PBXResourcesBuildPhase;
			buildActionMask = 2147483647;
			files = (
			);
			runOnlyForDeploymentPostprocessing = 0;
		};
/* End PBXResourcesBuildPhase section */

/* Begin PBXShellScriptBuildPhase section */
		05CE62B200CDA0254AEA1320 /* [CP] Check Pods Manifest.lock */ = {
			isa = PBXShellScriptBuildPhase;
			buildActionMask = 2147483647;
			files = (
			);
			inputFileListPaths = (
			);
			inputPaths = (
				"${PODS_PODFILE_DIR_PATH}/Podfile.lock",
				"${PODS_ROOT}/Manifest.lock",
			);
			name = "[CP] Check Pods Manifest.lock";
			outputFileListPaths = (
			);
			outputPaths = (
				"$(DERIVED_FILE_DIR)/Pods-testForTeshbase-checkManifestLockResult.txt",
			);
			runOnlyForDeploymentPostprocessing = 0;
			shellPath = /bin/sh;
			shellScript = "diff \"${PODS_PODFILE_DIR_PATH}/Podfile.lock\" \"${PODS_ROOT}/Manifest.lock\" > /dev/null\nif [ $? != 0 ] ; then\n    # print error to STDERR\n    echo \"error: The sandbox is not in sync with the Podfile.lock. Run 'pod install' or update your CocoaPods installation.\" >&2\n    exit 1\nfi\n# This output is used by Xcode 'outputs' to avoid re-running this script phase.\necho \"SUCCESS\" > \"${SCRIPT_OUTPUT_FILE_0}\"\n";
			showEnvVarsInLog = 0;
		};
		2229336CEFB9ABF2EC3ECC75 /* [CP] Embed Pods Frameworks */ = {
			isa = PBXShellScriptBuildPhase;
			buildActionMask = 2147483647;
			files = (
			);
			inputFileListPaths = (
				"${PODS_ROOT}/Target Support Files/Pods-testForTeshbase-testForTeshbaseUITests/Pods-testForTeshbase-testForTeshbaseUITests-frameworks-${CONFIGURATION}-input-files.xcfilelist",
			);
			name = "[CP] Embed Pods Frameworks";
			outputFileListPaths = (
				"${PODS_ROOT}/Target Support Files/Pods-testForTeshbase-testForTeshbaseUITests/Pods-testForTeshbase-testForTeshbaseUITests-frameworks-${CONFIGURATION}-output-files.xcfilelist",
			);
			runOnlyForDeploymentPostprocessing = 0;
			shellPath = /bin/sh;
			shellScript = "\"${PODS_ROOT}/Target Support Files/Pods-testForTeshbase-testForTeshbaseUITests/Pods-testForTeshbase-testForTeshbaseUITests-frameworks.sh\"\n";
			showEnvVarsInLog = 0;
		};
		277D48A4F558E48BCC5A010F /* [CP] Check Pods Manifest.lock */ = {
			isa = PBXShellScriptBuildPhase;
			buildActionMask = 2147483647;
			files = (
			);
			inputFileListPaths = (
			);
			inputPaths = (
				"${PODS_PODFILE_DIR_PATH}/Podfile.lock",
				"${PODS_ROOT}/Manifest.lock",
			);
			name = "[CP] Check Pods Manifest.lock";
			outputFileListPaths = (
			);
			outputPaths = (
				"$(DERIVED_FILE_DIR)/Pods-testForTeshbase-testForTeshbaseUITests-checkManifestLockResult.txt",
			);
			runOnlyForDeploymentPostprocessing = 0;
			shellPath = /bin/sh;
			shellScript = "diff \"${PODS_PODFILE_DIR_PATH}/Podfile.lock\" \"${PODS_ROOT}/Manifest.lock\" > /dev/null\nif [ $? != 0 ] ; then\n    # print error to STDERR\n    echo \"error: The sandbox is not in sync with the Podfile.lock. Run 'pod install' or update your CocoaPods installation.\" >&2\n    exit 1\nfi\n# This output is used by Xcode 'outputs' to avoid re-running this script phase.\necho \"SUCCESS\" > \"${SCRIPT_OUTPUT_FILE_0}\"\n";
			showEnvVarsInLog = 0;
		};
		3D330EF5DF4E0ACAF5582B34 /* [CP] Embed Pods Frameworks */ = {
			isa = PBXShellScriptBuildPhase;
			buildActionMask = 2147483647;
			files = (
			);
			inputFileListPaths = (
				"${PODS_ROOT}/Target Support Files/Pods-testForTeshbase/Pods-testForTeshbase-frameworks-${CONFIGURATION}-input-files.xcfilelist",
			);
			name = "[CP] Embed Pods Frameworks";
			outputFileListPaths = (
				"${PODS_ROOT}/Target Support Files/Pods-testForTeshbase/Pods-testForTeshbase-frameworks-${CONFIGURATION}-output-files.xcfilelist",
			);
			runOnlyForDeploymentPostprocessing = 0;
			shellPath = /bin/sh;
			shellScript = "\"${PODS_ROOT}/Target Support Files/Pods-testForTeshbase/Pods-testForTeshbase-frameworks.sh\"\n";
			showEnvVarsInLog = 0;
		};
		5167F6000548ECEEFD815C54 /* [CP] Check Pods Manifest.lock */ = {
			isa = PBXShellScriptBuildPhase;
			buildActionMask = 2147483647;
			files = (
			);
			inputFileListPaths = (
			);
			inputPaths = (
				"${PODS_PODFILE_DIR_PATH}/Podfile.lock",
				"${PODS_ROOT}/Manifest.lock",
			);
			name = "[CP] Check Pods Manifest.lock";
			outputFileListPaths = (
			);
			outputPaths = (
				"$(DERIVED_FILE_DIR)/Pods-testForTeshbaseTests-checkManifestLockResult.txt",
			);
			runOnlyForDeploymentPostprocessing = 0;
			shellPath = /bin/sh;
			shellScript = "diff \"${PODS_PODFILE_DIR_PATH}/Podfile.lock\" \"${PODS_ROOT}/Manifest.lock\" > /dev/null\nif [ $? != 0 ] ; then\n    # print error to STDERR\n    echo \"error: The sandbox is not in sync with the Podfile.lock. Run 'pod install' or update your CocoaPods installation.\" >&2\n    exit 1\nfi\n# This output is used by Xcode 'outputs' to avoid re-running this script phase.\necho \"SUCCESS\" > \"${SCRIPT_OUTPUT_FILE_0}\"\n";
			showEnvVarsInLog = 0;
		};
/* End PBXShellScriptBuildPhase section */

/* Begin PBXSourcesBuildPhase section */
		1314596C262E88C700B61043 /* Sources */ = {
			isa = PBXSourcesBuildPhase;
			buildActionMask = 2147483647;
			files = (
				13145978262E88C700B61043 /* ViewController.swift in Sources */,
				13145974262E88C700B61043 /* AppDelegate.swift in Sources */,
				13145976262E88C700B61043 /* SceneDelegate.swift in Sources */,
			);
			runOnlyForDeploymentPostprocessing = 0;
		};
		13145982262E88CA00B61043 /* Sources */ = {
			isa = PBXSourcesBuildPhase;
			buildActionMask = 2147483647;
			files = (
				1314598B262E88CA00B61043 /* testForTeshbaseTests.swift in Sources */,
			);
			runOnlyForDeploymentPostprocessing = 0;
		};
		1314598D262E88CA00B61043 /* Sources */ = {
			isa = PBXSourcesBuildPhase;
			buildActionMask = 2147483647;
			files = (
				13145996262E88CA00B61043 /* testForTeshbaseUITests.swift in Sources */,
			);
			runOnlyForDeploymentPostprocessing = 0;
		};
/* End PBXSourcesBuildPhase section */

/* Begin PBXTargetDependency section */
		13145988262E88CA00B61043 /* PBXTargetDependency */ = {
			isa = PBXTargetDependency;
			target = 1314596F262E88C700B61043 /* testForTeshbase */;
			targetProxy = 13145987262E88CA00B61043 /* PBXContainerItemProxy */;
		};
		13145993262E88CA00B61043 /* PBXTargetDependency */ = {
			isa = PBXTargetDependency;
			target = 1314596F262E88C700B61043 /* testForTeshbase */;
			targetProxy = 13145992262E88CA00B61043 /* PBXContainerItemProxy */;
		};
/* End PBXTargetDependency section */

/* Begin PBXVariantGroup section */
		13145979262E88C700B61043 /* Main.storyboard */ = {
			isa = PBXVariantGroup;
			children = (
				1314597A262E88C700B61043 /* Base */,
			);
			name = Main.storyboard;
			sourceTree = "<group>";
		};
		1314597E262E88C900B61043 /* LaunchScreen.storyboard */ = {
			isa = PBXVariantGroup;
			children = (
				1314597F262E88C900B61043 /* Base */,
			);
			name = LaunchScreen.storyboard;
			sourceTree = "<group>";
		};
/* End PBXVariantGroup section */

/* Begin XCBuildConfiguration section */
		13145998262E88CA00B61043 /* Debug */ = {
			isa = XCBuildConfiguration;
			buildSettings = {
				ALWAYS_SEARCH_USER_PATHS = NO;
				CLANG_ANALYZER_NONNULL = YES;
				CLANG_ANALYZER_NUMBER_OBJECT_CONVERSION = YES_AGGRESSIVE;
				CLANG_CXX_LANGUAGE_STANDARD = "gnu++14";
				CLANG_CXX_LIBRARY = "libc++";
				CLANG_ENABLE_MODULES = YES;
				CLANG_ENABLE_OBJC_ARC = YES;
				CLANG_ENABLE_OBJC_WEAK = YES;
				CLANG_WARN_BLOCK_CAPTURE_AUTORELEASING = YES;
				CLANG_WARN_BOOL_CONVERSION = YES;
				CLANG_WARN_COMMA = YES;
				CLANG_WARN_CONSTANT_CONVERSION = YES;
				CLANG_WARN_DEPRECATED_OBJC_IMPLEMENTATIONS = YES;
				CLANG_WARN_DIRECT_OBJC_ISA_USAGE = YES_ERROR;
				CLANG_WARN_DOCUMENTATION_COMMENTS = YES;
				CLANG_WARN_EMPTY_BODY = YES;
				CLANG_WARN_ENUM_CONVERSION = YES;
				CLANG_WARN_INFINITE_RECURSION = YES;
				CLANG_WARN_INT_CONVERSION = YES;
				CLANG_WARN_NON_LITERAL_NULL_CONVERSION = YES;
				CLANG_WARN_OBJC_IMPLICIT_RETAIN_SELF = YES;
				CLANG_WARN_OBJC_LITERAL_CONVERSION = YES;
				CLANG_WARN_OBJC_ROOT_CLASS = YES_ERROR;
				CLANG_WARN_QUOTED_INCLUDE_IN_FRAMEWORK_HEADER = YES;
				CLANG_WARN_RANGE_LOOP_ANALYSIS = YES;
				CLANG_WARN_STRICT_PROTOTYPES = YES;
				CLANG_WARN_SUSPICIOUS_MOVE = YES;
				CLANG_WARN_UNGUARDED_AVAILABILITY = YES_AGGRESSIVE;
				CLANG_WARN_UNREACHABLE_CODE = YES;
				CLANG_WARN__DUPLICATE_METHOD_MATCH = YES;
				COPY_PHASE_STRIP = NO;
				DEBUG_INFORMATION_FORMAT = dwarf;
				ENABLE_STRICT_OBJC_MSGSEND = YES;
				ENABLE_TESTABILITY = YES;
				GCC_C_LANGUAGE_STANDARD = gnu11;
				GCC_DYNAMIC_NO_PIC = NO;
				GCC_NO_COMMON_BLOCKS = YES;
				GCC_OPTIMIZATION_LEVEL = 0;
				GCC_PREPROCESSOR_DEFINITIONS = (
					"DEBUG=1",
					"$(inherited)",
				);
				GCC_WARN_64_TO_32_BIT_CONVERSION = YES;
				GCC_WARN_ABOUT_RETURN_TYPE = YES_ERROR;
				GCC_WARN_UNDECLARED_SELECTOR = YES;
				GCC_WARN_UNINITIALIZED_AUTOS = YES_AGGRESSIVE;
				GCC_WARN_UNUSED_FUNCTION = YES;
				GCC_WARN_UNUSED_VARIABLE = YES;
				IPHONEOS_DEPLOYMENT_TARGET = 14.4;
				MTL_ENABLE_DEBUG_INFO = INCLUDE_SOURCE;
				MTL_FAST_MATH = YES;
				ONLY_ACTIVE_ARCH = YES;
				SDKROOT = iphoneos;
				SWIFT_ACTIVE_COMPILATION_CONDITIONS = DEBUG;
				SWIFT_OPTIMIZATION_LEVEL = "-Onone";
			};
			name = Debug;
		};
		13145999262E88CA00B61043 /* Release */ = {
			isa = XCBuildConfiguration;
			buildSettings = {
				ALWAYS_SEARCH_USER_PATHS = NO;
				CLANG_ANALYZER_NONNULL = YES;
				CLANG_ANALYZER_NUMBER_OBJECT_CONVERSION = YES_AGGRESSIVE;
				CLANG_CXX_LANGUAGE_STANDARD = "gnu++14";
				CLANG_CXX_LIBRARY = "libc++";
				CLANG_ENABLE_MODULES = YES;
				CLANG_ENABLE_OBJC_ARC = YES;
				CLANG_ENABLE_OBJC_WEAK = YES;
				CLANG_WARN_BLOCK_CAPTURE_AUTORELEASING = YES;
				CLANG_WARN_BOOL_CONVERSION = YES;
				CLANG_WARN_COMMA = YES;
				CLANG_WARN_CONSTANT_CONVERSION = YES;
				CLANG_WARN_DEPRECATED_OBJC_IMPLEMENTATIONS = YES;
				CLANG_WARN_DIRECT_OBJC_ISA_USAGE = YES_ERROR;
				CLANG_WARN_DOCUMENTATION_COMMENTS = YES;
				CLANG_WARN_EMPTY_BODY = YES;
				CLANG_WARN_ENUM_CONVERSION = YES;
				CLANG_WARN_INFINITE_RECURSION = YES;
				CLANG_WARN_INT_CONVERSION = YES;
				CLANG_WARN_NON_LITERAL_NULL_CONVERSION = YES;
				CLANG_WARN_OBJC_IMPLICIT_RETAIN_SELF = YES;
				CLANG_WARN_OBJC_LITERAL_CONVERSION = YES;
				CLANG_WARN_OBJC_ROOT_CLASS = YES_ERROR;
				CLANG_WARN_QUOTED_INCLUDE_IN_FRAMEWORK_HEADER = YES;
				CLANG_WARN_RANGE_LOOP_ANALYSIS = YES;
				CLANG_WARN_STRICT_PROTOTYPES = YES;
				CLANG_WARN_SUSPICIOUS_MOVE = YES;
				CLANG_WARN_UNGUARDED_AVAILABILITY = YES_AGGRESSIVE;
				CLANG_WARN_UNREACHABLE_CODE = YES;
				CLANG_WARN__DUPLICATE_METHOD_MATCH = YES;
				COPY_PHASE_STRIP = NO;
				DEBUG_INFORMATION_FORMAT = "dwarf-with-dsym";
				ENABLE_NS_ASSERTIONS = NO;
				ENABLE_STRICT_OBJC_MSGSEND = YES;
				GCC_C_LANGUAGE_STANDARD = gnu11;
				GCC_NO_COMMON_BLOCKS = YES;
				GCC_WARN_64_TO_32_BIT_CONVERSION = YES;
				GCC_WARN_ABOUT_RETURN_TYPE = YES_ERROR;
				GCC_WARN_UNDECLARED_SELECTOR = YES;
				GCC_WARN_UNINITIALIZED_AUTOS = YES_AGGRESSIVE;
				GCC_WARN_UNUSED_FUNCTION = YES;
				GCC_WARN_UNUSED_VARIABLE = YES;
				IPHONEOS_DEPLOYMENT_TARGET = 14.4;
				MTL_ENABLE_DEBUG_INFO = NO;
				MTL_FAST_MATH = YES;
				SDKROOT = iphoneos;
				SWIFT_COMPILATION_MODE = wholemodule;
				SWIFT_OPTIMIZATION_LEVEL = "-O";
				VALIDATE_PRODUCT = YES;
			};
			name = Release;
		};
		1314599B262E88CA00B61043 /* Debug */ = {
			isa = XCBuildConfiguration;
			baseConfigurationReference = D44E74F72ED4B37CA69E5D08 /* Pods-testForTeshbase.debug.xcconfig */;
			buildSettings = {
				ASSETCATALOG_COMPILER_APPICON_NAME = AppIcon;
				ASSETCATALOG_COMPILER_GLOBAL_ACCENT_COLOR_NAME = AccentColor;
				CODE_SIGN_STYLE = Automatic;
				DEVELOPMENT_TEAM = P5DPM58X27;
				INFOPLIST_FILE = testForTeshbase/Info.plist;
				LD_RUNPATH_SEARCH_PATHS = (
					"$(inherited)",
					"@executable_path/Frameworks",
				);
				PRODUCT_BUNDLE_IDENTIFIER = vinhlh.testForTeshbase;
				PRODUCT_NAME = "$(TARGET_NAME)";
				SWIFT_VERSION = 5.0;
				TARGETED_DEVICE_FAMILY = "1,2";
			};
			name = Debug;
		};
		1314599C262E88CA00B61043 /* Release */ = {
			isa = XCBuildConfiguration;
			baseConfigurationReference = 3767A0AE94F3A0F6A1E4B7F6 /* Pods-testForTeshbase.release.xcconfig */;
			buildSettings = {
				ASSETCATALOG_COMPILER_APPICON_NAME = AppIcon;
				ASSETCATALOG_COMPILER_GLOBAL_ACCENT_COLOR_NAME = AccentColor;
				CODE_SIGN_STYLE = Automatic;
				DEVELOPMENT_TEAM = P5DPM58X27;
				INFOPLIST_FILE = testForTeshbase/Info.plist;
				LD_RUNPATH_SEARCH_PATHS = (
					"$(inherited)",
					"@executable_path/Frameworks",
				);
				PRODUCT_BUNDLE_IDENTIFIER = vinhlh.testForTeshbase;
				PRODUCT_NAME = "$(TARGET_NAME)";
				SWIFT_VERSION = 5.0;
				TARGETED_DEVICE_FAMILY = "1,2";
			};
			name = Release;
		};
		1314599E262E88CA00B61043 /* Debug */ = {
			isa = XCBuildConfiguration;
			baseConfigurationReference = B37E337A17D8F65752968A65 /* Pods-testForTeshbaseTests.debug.xcconfig */;
			buildSettings = {
				ALWAYS_EMBED_SWIFT_STANDARD_LIBRARIES = YES;
				BUNDLE_LOADER = "$(TEST_HOST)";
				CODE_SIGN_STYLE = Automatic;
				DEVELOPMENT_TEAM = P5DPM58X27;
				INFOPLIST_FILE = testForTeshbaseTests/Info.plist;
				IPHONEOS_DEPLOYMENT_TARGET = 14.4;
				LD_RUNPATH_SEARCH_PATHS = (
					"$(inherited)",
					"@executable_path/Frameworks",
					"@loader_path/Frameworks",
				);
				PRODUCT_BUNDLE_IDENTIFIER = vinhlh.testForTeshbaseTests;
				PRODUCT_NAME = "$(TARGET_NAME)";
				SWIFT_VERSION = 5.0;
				TARGETED_DEVICE_FAMILY = "1,2";
				TEST_HOST = "$(BUILT_PRODUCTS_DIR)/testForTeshbase.app/testForTeshbase";
			};
			name = Debug;
		};
		1314599F262E88CA00B61043 /* Release */ = {
			isa = XCBuildConfiguration;
			baseConfigurationReference = D5B92E41BA27FD515D53E5AB /* Pods-testForTeshbaseTests.release.xcconfig */;
			buildSettings = {
				ALWAYS_EMBED_SWIFT_STANDARD_LIBRARIES = YES;
				BUNDLE_LOADER = "$(TEST_HOST)";
				CODE_SIGN_STYLE = Automatic;
				DEVELOPMENT_TEAM = P5DPM58X27;
				INFOPLIST_FILE = testForTeshbaseTests/Info.plist;
				IPHONEOS_DEPLOYMENT_TARGET = 14.4;
				LD_RUNPATH_SEARCH_PATHS = (
					"$(inherited)",
					"@executable_path/Frameworks",
					"@loader_path/Frameworks",
				);
				PRODUCT_BUNDLE_IDENTIFIER = vinhlh.testForTeshbaseTests;
				PRODUCT_NAME = "$(TARGET_NAME)";
				SWIFT_VERSION = 5.0;
				TARGETED_DEVICE_FAMILY = "1,2";
				TEST_HOST = "$(BUILT_PRODUCTS_DIR)/testForTeshbase.app/testForTeshbase";
			};
			name = Release;
		};
		131459A1262E88CA00B61043 /* Debug */ = {
			isa = XCBuildConfiguration;
			baseConfigurationReference = AFDC54643868E9D06A340E77 /* Pods-testForTeshbase-testForTeshbaseUITests.debug.xcconfig */;
			buildSettings = {
				ALWAYS_EMBED_SWIFT_STANDARD_LIBRARIES = YES;
				CODE_SIGN_STYLE = Automatic;
				DEVELOPMENT_TEAM = P5DPM58X27;
				INFOPLIST_FILE = testForTeshbaseUITests/Info.plist;
				LD_RUNPATH_SEARCH_PATHS = (
					"$(inherited)",
					"@executable_path/Frameworks",
					"@loader_path/Frameworks",
				);
				PRODUCT_BUNDLE_IDENTIFIER = vinhlh.testForTeshbaseUITests;
				PRODUCT_NAME = "$(TARGET_NAME)";
				SWIFT_VERSION = 5.0;
				TARGETED_DEVICE_FAMILY = "1,2";
				TEST_TARGET_NAME = testForTeshbase;
			};
			name = Debug;
		};
		131459A2262E88CA00B61043 /* Release */ = {
			isa = XCBuildConfiguration;
			baseConfigurationReference = 4CF3E02100BE0C9A39F28F3D /* Pods-testForTeshbase-testForTeshbaseUITests.release.xcconfig */;
			buildSettings = {
				ALWAYS_EMBED_SWIFT_STANDARD_LIBRARIES = YES;
				CODE_SIGN_STYLE = Automatic;
				DEVELOPMENT_TEAM = P5DPM58X27;
				INFOPLIST_FILE = testForTeshbaseUITests/Info.plist;
				LD_RUNPATH_SEARCH_PATHS = (
					"$(inherited)",
					"@executable_path/Frameworks",
					"@loader_path/Frameworks",
				);
				PRODUCT_BUNDLE_IDENTIFIER = vinhlh.testForTeshbaseUITests;
				PRODUCT_NAME = "$(TARGET_NAME)";
				SWIFT_VERSION = 5.0;
				TARGETED_DEVICE_FAMILY = "1,2";
				TEST_TARGET_NAME = testForTeshbase;
			};
			name = Release;
		};
/* End XCBuildConfiguration section */

/* Begin XCConfigurationList section */
		1314596B262E88C700B61043 /* Build configuration list for PBXProject "testForTeshbase" */ = {
			isa = XCConfigurationList;
			buildConfigurations = (
				13145998262E88CA00B61043 /* Debug */,
				13145999262E88CA00B61043 /* Release */,
			);
			defaultConfigurationIsVisible = 0;
			defaultConfigurationName = Release;
		};
		1314599A262E88CA00B61043 /* Build configuration list for PBXNativeTarget "testForTeshbase" */ = {
			isa = XCConfigurationList;
			buildConfigurations = (
				1314599B262E88CA00B61043 /* Debug */,
				1314599C262E88CA00B61043 /* Release */,
			);
			defaultConfigurationIsVisible = 0;
			defaultConfigurationName = Release;
		};
		1314599D262E88CA00B61043 /* Build configuration list for PBXNativeTarget "testForTeshbaseTests" */ = {
			isa = XCConfigurationList;
			buildConfigurations = (
				1314599E262E88CA00B61043 /* Debug */,
				1314599F262E88CA00B61043 /* Release */,
			);
			defaultConfigurationIsVisible = 0;
			defaultConfigurationName = Release;
		};
		131459A0262E88CA00B61043 /* Build configuration list for PBXNativeTarget "testForTeshbaseUITests" */ = {
			isa = XCConfigurationList;
			buildConfigurations = (
				131459A1262E88CA00B61043 /* Debug */,
				131459A2262E88CA00B61043 /* Release */,
			);
			defaultConfigurationIsVisible = 0;
			defaultConfigurationName = Release;
		};
/* End XCConfigurationList section */
	};
	rootObject = 13145968262E88C700B61043 /* Project object */;
}
